
Microsoft Visual Studio Solution File, Format Version 12.00
# Visual Studio 14
VisualStudioVersion = 14.0.25420.1
MinimumVisualStudioVersion = 10.0.40219.1
Project("{8BC9CEB8-8B4A-11D0-8D11-00A0C91BC942}") = "Artificial Intelligence Program1", "Artificial Intelligence Projects\Artificial Intelligence Projects.vcxproj", "{024C66AE-9977-4AF7-9A69-43D69B0F9437}"
EndProject
Project("{8BC9CEB8-8B4A-11D0-8D11-00A0C91BC942}") = "Connectionism", "Connectionism\Connectionism.vcxproj", "{8DC7D887-BA73-4501-8A0A-39780A5E7D02}"
EndProject
Project("{8BC9CEB8-8B4A-11D0-8D11-00A0C91BC942}") = "StateMachine", "StateMachine\StateMachine.vcxproj", "{77D776C7-9B0E-4863-BF29-6E98F7A91408}"
EndProject
Global
	GlobalSection(SolutionConfigurationPlatforms) = preSolution
		Debug|x64 = Debug|x64
		Debug|x86 = Debug|x86
		Release|x64 = Release|x64
		Release|x86 = Release|x86
	EndGlobalSection
	GlobalSection(ProjectConfigurationPlatforms) = postSolution
		{024C66AE-9977-4AF7-9A69-43D69B0F9437}.Debug|x64.ActiveCfg = Debug|x64
		{024C66AE-9977-4AF7-9A69-43D69B0F9437}.Debug|x64.Build.0 = Debug|x64
		{024C66AE-9977-4AF7-9A69-43D69B0F9437}.Debug|x86.ActiveCfg = Debug|Win32
		{024C66AE-9977-4AF7-9A69-43D69B0F9437}.Debug|x86.Build.0 = Debug|Win32
		{024C66AE-9977-4AF7-9A69-43D69B0F9437}.Release|x64.ActiveCfg = Release|x64
		{024C66AE-9977-4AF7-9A69-43D69B0F9437}.Release|x64.Build.0 = Release|x64
		{024C66AE-9977-4AF7-9A69-43D69B0F9437}.Release|x86.ActiveCfg = Release|Win32
		{024C66AE-9977-4AF7-9A69-43D69B0F9437}.Release|x86.Build.0 = Release|Win32
		{8DC7D887-BA73-4501-8A0A-39780A5E7D02}.Debug|x64.ActiveCfg = Debug|x64
		{8DC7D887-BA73-4501-8A0A-39780A5E7D02}.Debug|x64.Build.0 = Debug|x64
		{8DC7D887-BA73-4501-8A0A-39780A5E7D02}.Debug|x86.ActiveCfg = Debug|Win32
		{8DC7D887-BA73-4501-8A0A-39780A5E7D02}.Debug|x86.Build.0 = Debug|Win32
		{8DC7D887-BA73-4501-8A0A-39780A5E7D02}.Release|x64.ActiveCfg = Release|x64
		{8DC7D887-BA73-4501-8A0A-39780A5E7D02}.Release|x64.Build.0 = Release|x64
		{8DC7D887-BA73-4501-8A0A-39780A5E7D02}.Release|x86.ActiveCfg = Release|Win32
		{8DC7D887-BA73-4501-8A0A-39780A5E7D02}.Release|x86.Build.0 = Release|Win32
		{77D776C7-9B0E-4863-BF29-6E98F7A91408}.Debug|x64.ActiveCfg = Debug|x64
		{77D776C7-9B0E-4863-BF29-6E98F7A91408}.Debug|x64.Build.0 = Debug|x64
		{77D776C7-9B0E-4863-BF29-6E98F7A91408}.Debug|x86.ActiveCfg = Debug|Win32
		{77D776C7-9B0E-4863-BF29-6E98F7A91408}.Debug|x86.Build.0 = Debug|Win32
		{77D776C7-9B0E-4863-BF29-6E98F7A91408}.Release|x64.ActiveCfg = Release|x64
		{77D776C7-9B0E-4863-BF29-6E98F7A91408}.Release|x64.Build.0 = Release|x64
		{77D776C7-9B0E-4863-BF29-6E98F7A91408}.Release|x86.ActiveCfg = Release|Win32
		{77D776C7-9B0E-4863-BF29-6E98F7A91408}.Release|x86.Build.0 = Release|Win32
	EndGlobalSection
	GlobalSection(SolutionProperties) = preSolution
		HideSolutionNode = FALSE
	EndGlobalSection
EndGlobal
